
Microsoft Visual Studio Solution File, Format Version 12.00
# Visual Studio Version 16
VisualStudioVersion = 16.0.30804.86
MinimumVisualStudioVersion = 10.0.40219.1
Project("{FAE04EC0-301F-11D3-BF4B-00C04F79EFBC}") = "ALSolutionCenter", "ALSolutionCenter.csproj", "{70BF7498-8666-4CBD-BA62-75D462D79BA0}"
EndProject
Global
	GlobalSection(SolutionConfigurationPlatforms) = preSolution
		Debug|Any CPU = Debug|Any CPU
		Release|Any CPU = Release|Any CPU
	EndGlobalSection
	GlobalSection(ProjectConfigurationPlatforms) = postSolution
		{70BF7498-8666-4CBD-BA62-75D462D79BA0}.Debug|Any CPU.ActiveCfg = Debug|Any CPU
		{70BF7498-8666-4CBD-BA62-75D462D79BA0}.Debug|Any CPU.Build.0 = Debug|Any CPU
		{70BF7498-8666-4CBD-BA62-75D462D79BA0}.Release|Any CPU.ActiveCfg = Release|Any CPU
		{70BF7498-8666-4CBD-BA62-75D462D79BA0}.Release|Any CPU.Build.0 = Release|Any CPU
	EndGlobalSection
	GlobalSection(SolutionProperties) = preSolution
		HideSolutionNode = FALSE
	EndGlobalSection
	GlobalSection(ExtensibilityGlobals) = postSolution
		SolutionGuid = {AE13B700-267E-4349-89FE-E419E555D5AC}
	EndGlobalSection
EndGlobal
